
Microsoft Visual Studio Solution File, Format Version 12.00
# Visual Studio Version 17
VisualStudioVersion = 17.4.33403.182
MinimumVisualStudioVersion = 10.0.40219.1
Project("{9A19103F-16F7-4668-BE54-9A1E7A4F7556}") = "GrammarPulse", "GrammarPulse\GrammarPulse.csproj", "{9B4E589C-43F8-4D5A-8965-05B95C4FB4B9}"
EndProject
Project("{9A19103F-16F7-4668-BE54-9A1E7A4F7556}") = "GrammarPulse.BLL", "GrammarPulse.BLL\GrammarPulse.BLL.csproj", "{D60063B5-AD25-4FCF-96D4-22EEEEE8ED55}"
EndProject
Project("{9A19103F-16F7-4668-BE54-9A1E7A4F7556}") = "GrammarPulse.DAL", "GrammarPulse.DAL\GrammarPulse.DAL.csproj", "{DD4F86C6-57EE-4FA0-9A78-FC7AC9BB6612}"
EndProject
Project("{9A19103F-16F7-4668-BE54-9A1E7A4F7556}") = "GrammarPulse.BLL.UnitTests", "GrammarPulse.BLL.Tests\GrammarPulse.BLL.UnitTests.csproj", "{069F7388-666C-4D63-9880-A6E180C3E632}"
EndProject
Project("{FAE04EC0-301F-11D3-BF4B-00C04F79EFBC}") = "GrammarPulse.IntegrationTests", "GrammarPulse.IntegrationTests\GrammarPulse.IntegrationTests.csproj", "{07159C9B-5AE8-4C11-B6C6-32298BD0A327}"
EndProject
Global
	GlobalSection(SolutionConfigurationPlatforms) = preSolution
		Debug|Any CPU = Debug|Any CPU
		Release|Any CPU = Release|Any CPU
	EndGlobalSection
	GlobalSection(ProjectConfigurationPlatforms) = postSolution
		{9B4E589C-43F8-4D5A-8965-05B95C4FB4B9}.Debug|Any CPU.ActiveCfg = Debug|Any CPU
		{9B4E589C-43F8-4D5A-8965-05B95C4FB4B9}.Debug|Any CPU.Build.0 = Debug|Any CPU
		{9B4E589C-43F8-4D5A-8965-05B95C4FB4B9}.Release|Any CPU.ActiveCfg = Release|Any CPU
		{9B4E589C-43F8-4D5A-8965-05B95C4FB4B9}.Release|Any CPU.Build.0 = Release|Any CPU
		{D60063B5-AD25-4FCF-96D4-22EEEEE8ED55}.Debug|Any CPU.ActiveCfg = Debug|Any CPU
		{D60063B5-AD25-4FCF-96D4-22EEEEE8ED55}.Debug|Any CPU.Build.0 = Debug|Any CPU
		{D60063B5-AD25-4FCF-96D4-22EEEEE8ED55}.Release|Any CPU.ActiveCfg = Release|Any CPU
		{D60063B5-AD25-4FCF-96D4-22EEEEE8ED55}.Release|Any CPU.Build.0 = Release|Any CPU
		{DD4F86C6-57EE-4FA0-9A78-FC7AC9BB6612}.Debug|Any CPU.ActiveCfg = Debug|Any CPU
		{DD4F86C6-57EE-4FA0-9A78-FC7AC9BB6612}.Debug|Any CPU.Build.0 = Debug|Any CPU
		{DD4F86C6-57EE-4FA0-9A78-FC7AC9BB6612}.Release|Any CPU.ActiveCfg = Release|Any CPU
		{DD4F86C6-57EE-4FA0-9A78-FC7AC9BB6612}.Release|Any CPU.Build.0 = Release|Any CPU
		{069F7388-666C-4D63-9880-A6E180C3E632}.Debug|Any CPU.ActiveCfg = Debug|Any CPU
		{069F7388-666C-4D63-9880-A6E180C3E632}.Debug|Any CPU.Build.0 = Debug|Any CPU
		{069F7388-666C-4D63-9880-A6E180C3E632}.Release|Any CPU.ActiveCfg = Release|Any CPU
		{069F7388-666C-4D63-9880-A6E180C3E632}.Release|Any CPU.Build.0 = Release|Any CPU
		{07159C9B-5AE8-4C11-B6C6-32298BD0A327}.Debug|Any CPU.ActiveCfg = Debug|Any CPU
		{07159C9B-5AE8-4C11-B6C6-32298BD0A327}.Debug|Any CPU.Build.0 = Debug|Any CPU
		{07159C9B-5AE8-4C11-B6C6-32298BD0A327}.Release|Any CPU.ActiveCfg = Release|Any CPU
		{07159C9B-5AE8-4C11-B6C6-32298BD0A327}.Release|Any CPU.Build.0 = Release|Any CPU
	EndGlobalSection
	GlobalSection(SolutionProperties) = preSolution
		HideSolutionNode = FALSE
	EndGlobalSection
	GlobalSection(ExtensibilityGlobals) = postSolution
		SolutionGuid = {F52A16FF-18EE-4049-BC45-3F4C88EF0692}
	EndGlobalSection
EndGlobal
